Microsoft Visual Studio Solution File, Format Version 12.00
# Visual Studio Version 18
VisualStudioVersion = 18.0.11111.16
MinimumVisualStudioVersion = 10.0.40219.1
Project("{FAE04EC0-301F-11D3-BF4B-00C04F79EFBC}") = "Portal.Client", "Portal.Client\Portal.Client.csproj", "{18717A52-C8CE-B40D-017A-FC3967691122}"
EndProject
Project("{FAE04EC0-301F-11D3-BF4B-00C04F79EFBC}") = "Portal.Server", "Portal.Server\Portal.Server.csproj", "{8CA57B00-B047-29BC-6E6C-795D5DD13664}"
EndProject
Project("{FAE04EC0-301F-11D3-BF4B-00C04F79EFBC}") = "Portal.Shared", "Portal.Shared\Portal.Shared.csproj", "{3E176F4F-9962-5E8A-8626-429174CC0E02}"
EndProject
Project("{FAE04EC0-301F-11D3-BF4B-00C04F79EFBC}") = "Migration", "Migration\Migration.csproj", "{01EEBBD1-2A51-4347-93FB-259BF3B95307}"
EndProject
Project("{FAE04EC0-301F-11D3-BF4B-00C04F79EFBC}") = "Portal.Data", "Portal.Data\Portal.Data.csproj", "{AC86260A-7C16-48B5-A25E-F064B219AD84}"
EndProject
Project("{FAE04EC0-301F-11D3-BF4B-00C04F79EFBC}") = "Portal.SharedUIComponents", "Portal.SharedUIComponents\Portal.SharedUIComponents.csproj", "{532A2843-CD4F-4FDC-A489-A05DE12510F8}"
EndProject
Global
	GlobalSection(SolutionConfigurationPlatforms) = preSolution
		Debug|Any CPU = Debug|Any CPU
		Release|Any CPU = Release|Any CPU
	EndGlobalSection
	GlobalSection(ProjectConfigurationPlatforms) = postSolution
		{18717A52-C8CE-B40D-017A-FC3967691122}.Debug|Any CPU.ActiveCfg = Debug|Any CPU
		{18717A52-C8CE-B40D-017A-FC3967691122}.Debug|Any CPU.Build.0 = Debug|Any CPU
		{18717A52-C8CE-B40D-017A-FC3967691122}.Release|Any CPU.ActiveCfg = Release|Any CPU
		{18717A52-C8CE-B40D-017A-FC3967691122}.Release|Any CPU.Build.0 = Release|Any CPU
		{8CA57B00-B047-29BC-6E6C-795D5DD13664}.Debug|Any CPU.ActiveCfg = Debug|Any CPU
		{8CA57B00-B047-29BC-6E6C-795D5DD13664}.Debug|Any CPU.Build.0 = Debug|Any CPU
		{8CA57B00-B047-29BC-6E6C-795D5DD13664}.Release|Any CPU.ActiveCfg = Release|Any CPU
		{8CA57B00-B047-29BC-6E6C-795D5DD13664}.Release|Any CPU.Build.0 = Release|Any CPU
		{3E176F4F-9962-5E8A-8626-429174CC0E02}.Debug|Any CPU.ActiveCfg = Debug|Any CPU
		{3E176F4F-9962-5E8A-8626-429174CC0E02}.Debug|Any CPU.Build.0 = Debug|Any CPU
		{3E176F4F-9962-5E8A-8626-429174CC0E02}.Release|Any CPU.ActiveCfg = Release|Any CPU
		{3E176F4F-9962-5E8A-8626-429174CC0E02}.Release|Any CPU.Build.0 = Release|Any CPU
		{01EEBBD1-2A51-4347-93FB-259BF3B95307}.Debug|Any CPU.ActiveCfg = Debug|Any CPU
		{01EEBBD1-2A51-4347-93FB-259BF3B95307}.Debug|Any CPU.Build.0 = Debug|Any CPU
		{01EEBBD1-2A51-4347-93FB-259BF3B95307}.Release|Any CPU.ActiveCfg = Release|Any CPU
		{01EEBBD1-2A51-4347-93FB-259BF3B95307}.Release|Any CPU.Build.0 = Release|Any CPU
		{AC86260A-7C16-48B5-A25E-F064B219AD84}.Debug|Any CPU.ActiveCfg = Debug|Any CPU
		{AC86260A-7C16-48B5-A25E-F064B219AD84}.Debug|Any CPU.Build.0 = Debug|Any CPU
		{AC86260A-7C16-48B5-A25E-F064B219AD84}.Release|Any CPU.ActiveCfg = Release|Any CPU
		{AC86260A-7C16-48B5-A25E-F064B219AD84}.Release|Any CPU.Build.0 = Release|Any CPU
		{532A2843-CD4F-4FDC-A489-A05DE12510F8}.Debug|Any CPU.ActiveCfg = Debug|Any CPU
		{532A2843-CD4F-4FDC-A489-A05DE12510F8}.Debug|Any CPU.Build.0 = Debug|Any CPU
		{532A2843-CD4F-4FDC-A489-A05DE12510F8}.Release|Any CPU.ActiveCfg = Release|Any CPU
		{532A2843-CD4F-4FDC-A489-A05DE12510F8}.Release|Any CPU.Build.0 = Release|Any CPU
	EndGlobalSection
	GlobalSection(SolutionProperties) = preSolution
		HideSolutionNode = FALSE
	EndGlobalSection
	GlobalSection(ExtensibilityGlobals) = postSolution
		SolutionGuid = {0A7A0E40-30B6-4B69-944C-A55EF701E3D2}
	EndGlobalSection
EndGlobal
